PODS:
  - HHZBaseClass (0.0.1.12):
    - HHZBaseClass/HHZBaseClass (= 0.0.1.12)
  - HHZBaseClass/HHZBaseClass (0.0.1.12):
    - HHZBaseClass/HHZBaseClass/kit (= 0.0.1.12)
    - HHZBaseClass/HHZBaseClass/navi (= 0.0.1.12)
    - HHZBaseClass/HHZBaseClass/others (= 0.0.1.12)
    - HHZBaseClass/HHZBaseClass/tableview (= 0.0.1.12)
    - HHZBaseClass/HHZBaseClass/vc (= 0.0.1.12)
  - HHZBaseClass/HHZBaseClass/kit (0.0.1.12)
  - HHZBaseClass/HHZBaseClass/navi (0.0.1.12)
  - HHZBaseClass/HHZBaseClass/others (0.0.1.12)
  - HHZBaseClass/HHZBaseClass/tableview (0.0.1.12)
  - HHZBaseClass/HHZBaseClass/vc (0.0.1.12):
    - HHZBaseClass/HHZBaseClass/vc/search (= 0.0.1.12)
  - HHZBaseClass/HHZBaseClass/vc/search (0.0.1.12)
  - HHZCategory (0.0.2.12):
    - HHZCategory/HHZCategory (= 0.0.2.12)
  - HHZCategory/HHZCategory (0.0.2.12):
    - HHZCategory/HHZCategory/foundation (= 0.0.2.12)
    - HHZCategory/HHZCategory/uikit (= 0.0.2.12)
  - HHZCategory/HHZCategory/foundation (0.0.2.12)
  - HHZCategory/HHZCategory/uikit (0.0.2.12)
  - HHZConfigs (0.0.1.3):
    - HHZConfigs/HHZConfigs (= 0.0.1.3)
  - HHZConfigs/HHZConfigs (0.0.1.3):
    - HHZConfigs/HHZConfigs/tool (= 0.0.1.3)
  - HHZConfigs/HHZConfigs/tool (0.0.1.3)
  - HHZUtils (0.0.3.5):
    - HHZUtils/HHZUtils (= 0.0.3.5)
  - HHZUtils/HHZUtils (0.0.3.5):
    - HHZUtils/HHZUtils/application (= 0.0.3.5)
    - HHZUtils/HHZUtils/archive (= 0.0.3.5)
    - HHZUtils/HHZUtils/calculate (= 0.0.3.5)
    - HHZUtils/HHZUtils/cookie (= 0.0.3.5)
    - HHZUtils/HHZUtils/date (= 0.0.3.5)
    - HHZUtils/HHZUtils/device (= 0.0.3.5)
    - HHZUtils/HHZUtils/encryption (= 0.0.3.5)
    - HHZUtils/HHZUtils/exception (= 0.0.3.5)
    - HHZUtils/HHZUtils/file (= 0.0.3.5)
    - HHZUtils/HHZUtils/http (= 0.0.3.5)
    - HHZUtils/HHZUtils/json (= 0.0.3.5)
    - HHZUtils/HHZUtils/kit (= 0.0.3.5)
    - HHZUtils/HHZUtils/numerical (= 0.0.3.5)
    - HHZUtils/HHZUtils/plist (= 0.0.3.5)
    - HHZUtils/HHZUtils/sectionIndex (= 0.0.3.5)
    - HHZUtils/HHZUtils/system (= 0.0.3.5)
  - HHZUtils/HHZUtils/application (0.0.3.5)
  - HHZUtils/HHZUtils/archive (0.0.3.5)
  - HHZUtils/HHZUtils/calculate (0.0.3.5)
  - HHZUtils/HHZUtils/cookie (0.0.3.5)
  - HHZUtils/HHZUtils/date (0.0.3.5)
  - HHZUtils/HHZUtils/device (0.0.3.5)
  - HHZUtils/HHZUtils/encryption (0.0.3.5):
    - HHZUtils/HHZUtils/encryption/GTMBase64 (= 0.0.3.5)
  - HHZUtils/HHZUtils/encryption/GTMBase64 (0.0.3.5)
  - HHZUtils/HHZUtils/exception (0.0.3.5)
  - HHZUtils/HHZUtils/file (0.0.3.5)
  - HHZUtils/HHZUtils/http (0.0.3.5)
  - HHZUtils/HHZUtils/json (0.0.3.5)
  - HHZUtils/HHZUtils/kit (0.0.3.5)
  - HHZUtils/HHZUtils/numerical (0.0.3.5)
  - HHZUtils/HHZUtils/plist (0.0.3.5)
  - HHZUtils/HHZUtils/sectionIndex (0.0.3.5)
  - HHZUtils/HHZUtils/system (0.0.3.5)

DEPENDENCIES:
  - HHZBaseClass (from `https://github.com/chenzhe555/HHZBaseClass.git`)
  - HHZCategory (from `https://github.com/chenzhe555/HHZCategory.git`)
  - HHZConfigs (from `https://github.com/chenzhe555/HHZConfigs.git`)
  - HHZUtils (from `https://github.com/chenzhe555/HHZUtils.git`)

EXTERNAL SOURCES:
  HHZBaseClass:
    :git: https://github.com/chenzhe555/HHZBaseClass.git
  HHZCategory:
    :git: https://github.com/chenzhe555/HHZCategory.git
  HHZConfigs:
    :git: https://github.com/chenzhe555/HHZConfigs.git
  HHZUtils:
    :git: https://github.com/chenzhe555/HHZUtils.git

CHECKOUT OPTIONS:
  HHZBaseClass:
    :commit: b426d33f086aa57bcf9a6be647286028cbeec873
    :git: https://github.com/chenzhe555/HHZBaseClass.git
  HHZCategory:
    :commit: 65d8d8e3766379db6c4821d614b016c4a3f6ed76
    :git: https://github.com/chenzhe555/HHZCategory.git
  HHZConfigs:
    :commit: 4905955522d565aae43f1de23d56bdda5a29ac56
    :git: https://github.com/chenzhe555/HHZConfigs.git
  HHZUtils:
    :commit: 68e9469312e678c145b920b859e7ae22f9d7d770
    :git: https://github.com/chenzhe555/HHZUtils.git

SPEC CHECKSUMS:
  HHZBaseClass: 33d4a57d1dc9bd2a65f4c86a793d71a15314b7e0
  HHZCategory: 8c5c9c3e9fdded8eda95b67f4c05bf4a0fe9caee
  HHZConfigs: 1ddbea52ec7aeee8774fa7d79ac5929099b72c9b
  HHZUtils: 84d2cb3a79284487e513c7c9060398ccf52ed115

PODFILE CHECKSUM: cf88a8cb144f90e73724f16085d3961b0805ea31

COCOAPODS: 1.3.0.beta.3
