// !$*UTF8*$!
{
	archiveVersion = 1;
	classes = {
	};
	objectVersion = 46;
	objects = {

/* Begin PBXBuildFile section */
		5633525352A0976BC44183F0 /* libPods-HHZAlert.a in Frameworks */ = {isa = PBXBuildFile; fileRef = A9315B89B72829D7AC8BFA44 /* libPods-HHZAlert.a */; };
		7401A9091F20534C00009F76 /* main.m in Sources */ = {isa = PBXBuildFile; fileRef = 7401A9081F20534C00009F76 /* main.m */; };
		7401A90C1F20534C00009F76 /* AppDelegate.m in Sources */ = {isa = PBXBuildFile; fileRef = 7401A90B1F20534C00009F76 /* AppDelegate.m */; };
		7401A90F1F20534C00009F76 /* ViewController.m in Sources */ = {isa = PBXBuildFile; fileRef = 7401A90E1F20534C00009F76 /* ViewController.m */; };
		7401A9121F20534C00009F76 /* Main.storyboard in Resources */ = {isa = PBXBuildFile; fileRef = 7401A9101F20534C00009F76 /* Main.storyboard */; };
		7401A9141F20534C00009F76 /* Assets.xcassets in Resources */ = {isa = PBXBuildFile; fileRef = 7401A9131F20534C00009F76 /* Assets.xcassets */; };
		7401A9171F20534C00009F76 /* LaunchScreen.storyboard in Resources */ = {isa = PBXBuildFile; fileRef = 7401A9151F20534C00009F76 /* LaunchScreen.storyboard */; };
		7401A92F1F2055AF00009F76 /* BaseAlertView.m in Sources */ = {isa = PBXBuildFile; fileRef = 7401A92A1F2055AF00009F76 /* BaseAlertView.m */; };
		7401A9301F2055AF00009F76 /* HHZToastView.m in Sources */ = {isa = PBXBuildFile; fileRef = 7401A92C1F2055AF00009F76 /* HHZToastView.m */; };
		7401A9311F2055AF00009F76 /* HHZTopShowAlertView.m in Sources */ = {isa = PBXBuildFile; fileRef = 7401A92E1F2055AF00009F76 /* HHZTopShowAlertView.m */; };
/* End PBXBuildFile section */

/* Begin PBXFileReference section */
		7401A9041F20534C00009F76 /* HHZAlert.app */ = {isa = PBXFileReference; explicitFileType = wrapper.application; includeInIndex = 0; path = HHZAlert.app; sourceTree = BUILT_PRODUCTS_DIR; };
		7401A9081F20534C00009F76 /* main.m */ = {isa = PBXFileReference; lastKnownFileType = sourcecode.c.objc; path = main.m; sourceTree = "<group>"; };
		7401A90A1F20534C00009F76 /* AppDelegate.h */ = {isa = PBXFileReference; lastKnownFileType = sourcecode.c.h; path = AppDelegate.h; sourceTree = "<group>"; };
		7401A90B1F20534C00009F76 /* AppDelegate.m */ = {isa = PBXFileReference; lastKnownFileType = sourcecode.c.objc; path = AppDelegate.m; sourceTree = "<group>"; };
		7401A90D1F20534C00009F76 /* ViewController.h */ = {isa = PBXFileReference; lastKnownFileType = sourcecode.c.h; path = ViewController.h; sourceTree = "<group>"; };
		7401A90E1F20534C00009F76 /* ViewController.m */ = {isa = PBXFileReference; lastKnownFileType = sourcecode.c.objc; path = ViewController.m; sourceTree = "<group>"; };
		7401A9111F20534C00009F76 /* Base */ = {isa = PBXFileReference; lastKnownFileType = file.storyboard; name = Base; path = Base.lproj/Main.storyboard; sourceTree = "<group>"; };
		7401A9131F20534C00009F76 /* Assets.xcassets */ = {isa = PBXFileReference; lastKnownFileType = folder.assetcatalog; path = Assets.xcassets; sourceTree = "<group>"; };
		7401A9161F20534C00009F76 /* Base */ = {isa = PBXFileReference; lastKnownFileType = file.storyboard; name = Base; path = Base.lproj/LaunchScreen.storyboard; sourceTree = "<group>"; };
		7401A9181F20534C00009F76 /* Info.plist */ = {isa = PBXFileReference; lastKnownFileType = text.plist.xml; path = Info.plist; sourceTree = "<group>"; };
		7401A9291F2055AF00009F76 /* BaseAlertView.h */ = {isa = PBXFileReference; fileEncoding = 4; lastKnownFileType = sourcecode.c.h; path = BaseAlertView.h; sourceTree = "<group>"; };
		7401A92A1F2055AF00009F76 /* BaseAlertView.m */ = {isa = PBXFileReference; fileEncoding = 4; lastKnownFileType = sourcecode.c.objc; path = BaseAlertView.m; sourceTree = "<group>"; };
		7401A92B1F2055AF00009F76 /* HHZToastView.h */ = {isa = PBXFileReference; fileEncoding = 4; lastKnownFileType = sourcecode.c.h; path = HHZToastView.h; sourceTree = "<group>"; };
		7401A92C1F2055AF00009F76 /* HHZToastView.m */ = {isa = PBXFileReference; fileEncoding = 4; lastKnownFileType = sourcecode.c.objc; path = HHZToastView.m; sourceTree = "<group>"; };
		7401A92D1F2055AF00009F76 /* HHZTopShowAlertView.h */ = {isa = PBXFileReference; fileEncoding = 4; lastKnownFileType = sourcecode.c.h; path = HHZTopShowAlertView.h; sourceTree = "<group>"; };
		7401A92E1F2055AF00009F76 /* HHZTopShowAlertView.m */ = {isa = PBXFileReference; fileEncoding = 4; lastKnownFileType = sourcecode.c.objc; path = HHZTopShowAlertView.m; sourceTree = "<group>"; };
		8B7B495E8489E3EF9E9B4B81 /* Pods-HHZAlert.debug.xcconfig */ = {isa = PBXFileReference; includeInIndex = 1; lastKnownFileType = text.xcconfig; name = "Pods-HHZAlert.debug.xcconfig"; path = "Pods/Target Support Files/Pods-HHZAlert/Pods-HHZAlert.debug.xcconfig"; sourceTree = "<group>"; };
		A9315B89B72829D7AC8BFA44 /* libPods-HHZAlert.a */ = {isa = PBXFileReference; explicitFileType = archive.ar; includeInIndex = 0; path = "libPods-HHZAlert.a"; sourceTree = BUILT_PRODUCTS_DIR; };
		B3D65819AC2885DE58284D94 /* Pods-HHZAlert.release.xcconfig */ = {isa = PBXFileReference; includeInIndex = 1; lastKnownFileType = text.xcconfig; name = "Pods-HHZAlert.release.xcconfig"; path = "Pods/Target Support Files/Pods-HHZAlert/Pods-HHZAlert.release.xcconfig"; sourceTree = "<group>"; };
/* End PBXFileReference section */

/* Begin PBXFrameworksBuildPhase section */
		7401A9011F20534C00009F76 /* Frameworks */ = {
			isa = PBXFrameworksBuildPhase;
			buildActionMask = 2147483647;
			files = (
				5633525352A0976BC44183F0 /* libPods-HHZAlert.a in Frameworks */,
			);
			runOnlyForDeploymentPostprocessing = 0;
		};
/* End PBXFrameworksBuildPhase section */

/* Begin PBXGroup section */
		035C29E82B69B4D26B413B79 /* Frameworks */ = {
			isa = PBXGroup;
			children = (
				A9315B89B72829D7AC8BFA44 /* libPods-HHZAlert.a */,
			);
			name = Frameworks;
			sourceTree = "<group>";
		};
		7401A8FB1F20534C00009F76 = {
			isa = PBXGroup;
			children = (
				7401A9061F20534C00009F76 /* HHZAlert */,
				7401A9051F20534C00009F76 /* Products */,
				E7034B0CAF5DDA3B89A13E59 /* Pods */,
				035C29E82B69B4D26B413B79 /* Frameworks */,
			);
			sourceTree = "<group>";
		};
		7401A9051F20534C00009F76 /* Products */ = {
			isa = PBXGroup;
			children = (
				7401A9041F20534C00009F76 /* HHZAlert.app */,
			);
			name = Products;
			sourceTree = "<group>";
		};
		7401A9061F20534C00009F76 /* HHZAlert */ = {
			isa = PBXGroup;
			children = (
				7401A9281F2055AF00009F76 /* alert */,
				7401A90A1F20534C00009F76 /* AppDelegate.h */,
				7401A90B1F20534C00009F76 /* AppDelegate.m */,
				7401A90D1F20534C00009F76 /* ViewController.h */,
				7401A90E1F20534C00009F76 /* ViewController.m */,
				7401A9101F20534C00009F76 /* Main.storyboard */,
				7401A9131F20534C00009F76 /* Assets.xcassets */,
				7401A9151F20534C00009F76 /* LaunchScreen.storyboard */,
				7401A9181F20534C00009F76 /* Info.plist */,
				7401A9071F20534C00009F76 /* Supporting Files */,
			);
			path = HHZAlert;
			sourceTree = "<group>";
		};
		7401A9071F20534C00009F76 /* Supporting Files */ = {
			isa = PBXGroup;
			children = (
				7401A9081F20534C00009F76 /* main.m */,
			);
			name = "Supporting Files";
			sourceTree = "<group>";
		};
		7401A9281F2055AF00009F76 /* alert */ = {
			isa = PBXGroup;
			children = (
				7401A9291F2055AF00009F76 /* BaseAlertView.h */,
				7401A92A1F2055AF00009F76 /* BaseAlertView.m */,
				7401A92B1F2055AF00009F76 /* HHZToastView.h */,
				7401A92C1F2055AF00009F76 /* HHZToastView.m */,
				7401A92D1F2055AF00009F76 /* HHZTopShowAlertView.h */,
				7401A92E1F2055AF00009F76 /* HHZTopShowAlertView.m */,
			);
			path = alert;
			sourceTree = "<group>";
		};
		E7034B0CAF5DDA3B89A13E59 /* Pods */ = {
			isa = PBXGroup;
			children = (
				8B7B495E8489E3EF9E9B4B81 /* Pods-HHZAlert.debug.xcconfig */,
				B3D65819AC2885DE58284D94 /* Pods-HHZAlert.release.xcconfig */,
			);
			name = Pods;
			sourceTree = "<group>";
		};
/* End PBXGroup section */

/* Begin PBXNativeTarget section */
		7401A9031F20534C00009F76 /* HHZAlert */ = {
			isa = PBXNativeTarget;
			buildConfigurationList = 7401A91B1F20534C00009F76 /* Build configuration list for PBXNativeTarget "HHZAlert" */;
			buildPhases = (
				164F6DDC4C23E2E2C4FCA617 /* [CP] Check Pods Manifest.lock */,
				7401A9001F20534C00009F76 /* Sources */,
				7401A9011F20534C00009F76 /* Frameworks */,
				7401A9021F20534C00009F76 /* Resources */,
				26B7561762818758B3A3323C /* [CP] Embed Pods Frameworks */,
				06F0B6C7375659E74A550228 /* [CP] Copy Pods Resources */,
			);
			buildRules = (
			);
			dependencies = (
			);
			name = HHZAlert;
			productName = HHZAlert;
			productReference = 7401A9041F20534C00009F76 /* HHZAlert.app */;
			productType = "com.apple.product-type.application";
		};
/* End PBXNativeTarget section */

/* Begin PBXProject section */
		7401A8FC1F20534C00009F76 /* Project object */ = {
			isa = PBXProject;
			attributes = {
				LastUpgradeCheck = 0830;
				ORGANIZATIONNAME = "陈哲是个好孩子";
				TargetAttributes = {
					7401A9031F20534C00009F76 = {
						CreatedOnToolsVersion = 8.3.3;
						DevelopmentTeam = P5LP3WSZUP;
						ProvisioningStyle = Automatic;
					};
				};
			};
			buildConfigurationList = 7401A8FF1F20534C00009F76 /* Build configuration list for PBXProject "HHZAlert" */;
			compatibilityVersion = "Xcode 3.2";
			developmentRegion = English;
			hasScannedForEncodings = 0;
			knownRegions = (
				en,
				Base,
			);
			mainGroup = 7401A8FB1F20534C00009F76;
			productRefGroup = 7401A9051F20534C00009F76 /* Products */;
			projectDirPath = "";
			projectRoot = "";
			targets = (
				7401A9031F20534C00009F76 /* HHZAlert */,
			);
		};
/* End PBXProject section */

/* Begin PBXResourcesBuildPhase section */
		7401A9021F20534C00009F76 /* Resources */ = {
			isa = PBXResourcesBuildPhase;
			buildActionMask = 2147483647;
			files = (
				7401A9171F20534C00009F76 /* LaunchScreen.storyboard in Resources */,
				7401A9141F20534C00009F76 /* Assets.xcassets in Resources */,
				7401A9121F20534C00009F76 /* Main.storyboard in Resources */,
			);
			runOnlyForDeploymentPostprocessing = 0;
		};
/* End PBXResourcesBuildPhase section */

/* Begin PBXShellScriptBuildPhase section */
		06F0B6C7375659E74A550228 /* [CP] Copy Pods Resources */ = {
			isa = PBXShellScriptBuildPhase;
			buildActionMask = 2147483647;
			files = (
			);
			inputPaths = (
			);
			name = "[CP] Copy Pods Resources";
			outputPaths = (
			);
			runOnlyForDeploymentPostprocessing = 0;
			shellPath = /bin/sh;
			shellScript = "\"${SRCROOT}/Pods/Target Support Files/Pods-HHZAlert/Pods-HHZAlert-resources.sh\"\n";
			showEnvVarsInLog = 0;
		};
		164F6DDC4C23E2E2C4FCA617 /* [CP] Check Pods Manifest.lock */ = {
			isa = PBXShellScriptBuildPhase;
			buildActionMask = 2147483647;
			files = (
			);
			inputPaths = (
			);
			name = "[CP] Check Pods Manifest.lock";
			outputPaths = (
			);
			runOnlyForDeploymentPostprocessing = 0;
			shellPath = /bin/sh;
			shellScript = "diff \"${PODS_PODFILE_DIR_PATH}/Podfile.lock\" \"${PODS_ROOT}/Manifest.lock\" > /dev/null\nif [ $? != 0 ] ; then\n    # print error to STDERR\n    echo \"error: The sandbox is not in sync with the Podfile.lock. Run 'pod install' or update your CocoaPods installation.\" >&2\n    exit 1\nfi\n";
			showEnvVarsInLog = 0;
		};
		26B7561762818758B3A3323C /* [CP] Embed Pods Frameworks */ = {
			isa = PBXShellScriptBuildPhase;
			buildActionMask = 2147483647;
			files = (
			);
			inputPaths = (
			);
			name = "[CP] Embed Pods Frameworks";
			outputPaths = (
			);
			runOnlyForDeploymentPostprocessing = 0;
			shellPath = /bin/sh;
			shellScript = "\"${SRCROOT}/Pods/Target Support Files/Pods-HHZAlert/Pods-HHZAlert-frameworks.sh\"\n";
			showEnvVarsInLog = 0;
		};
/* End PBXShellScriptBuildPhase section */

/* Begin PBXSourcesBuildPhase section */
		7401A9001F20534C00009F76 /* Sources */ = {
			isa = PBXSourcesBuildPhase;
			buildActionMask = 2147483647;
			files = (
				7401A92F1F2055AF00009F76 /* BaseAlertView.m in Sources */,
				7401A9311F2055AF00009F76 /* HHZTopShowAlertView.m in Sources */,
				7401A90F1F20534C00009F76 /* ViewController.m in Sources */,
				7401A9301F2055AF00009F76 /* HHZToastView.m in Sources */,
				7401A90C1F20534C00009F76 /* AppDelegate.m in Sources */,
				7401A9091F20534C00009F76 /* main.m in Sources */,
			);
			runOnlyForDeploymentPostprocessing = 0;
		};
/* End PBXSourcesBuildPhase section */

/* Begin PBXVariantGroup section */
		7401A9101F20534C00009F76 /* Main.storyboard */ = {
			isa = PBXVariantGroup;
			children = (
				7401A9111F20534C00009F76 /* Base */,
			);
			name = Main.storyboard;
			sourceTree = "<group>";
		};
		7401A9151F20534C00009F76 /* LaunchScreen.storyboard */ = {
			isa = PBXVariantGroup;
			children = (
				7401A9161F20534C00009F76 /* Base */,
			);
			name = LaunchScreen.storyboard;
			sourceTree = "<group>";
		};
/* End PBXVariantGroup section */

/* Begin XCBuildConfiguration section */
		7401A9191F20534C00009F76 /* Debug */ = {
			isa = XCBuildConfiguration;
			buildSettings = {
				ALWAYS_SEARCH_USER_PATHS = NO;
				CLANG_ANALYZER_NONNULL = YES;
				CLANG_ANALYZER_NUMBER_OBJECT_CONVERSION = YES_AGGRESSIVE;
				CLANG_CXX_LANGUAGE_STANDARD = "gnu++0x";
				CLANG_CXX_LIBRARY = "libc++";
				CLANG_ENABLE_MODULES = YES;
				CLANG_ENABLE_OBJC_ARC = YES;
				CLANG_WARN_BOOL_CONVERSION = YES;
				CLANG_WARN_CONSTANT_CONVERSION = YES;
				CLANG_WARN_DIRECT_OBJC_ISA_USAGE = YES_ERROR;
				CLANG_WARN_DOCUMENTATION_COMMENTS = YES;
				CLANG_WARN_EMPTY_BODY = YES;
				CLANG_WARN_ENUM_CONVERSION = YES;
				CLANG_WARN_INFINITE_RECURSION = YES;
				CLANG_WARN_INT_CONVERSION = YES;
				CLANG_WARN_OBJC_ROOT_CLASS = YES_ERROR;
				CLANG_WARN_SUSPICIOUS_MOVE = YES;
				CLANG_WARN_UNREACHABLE_CODE = YES;
				CLANG_WARN__DUPLICATE_METHOD_MATCH = YES;
				"CODE_SIGN_IDENTITY[sdk=iphoneos*]" = "iPhone Developer";
				COPY_PHASE_STRIP = NO;
				DEBUG_INFORMATION_FORMAT = dwarf;
				ENABLE_STRICT_OBJC_MSGSEND = YES;
				ENABLE_TESTABILITY = YES;
				GCC_C_LANGUAGE_STANDARD = gnu99;
				GCC_DYNAMIC_NO_PIC = NO;
				GCC_NO_COMMON_BLOCKS = YES;
				GCC_OPTIMIZATION_LEVEL = 0;
				GCC_PREPROCESSOR_DEFINITIONS = (
					"DEBUG=1",
					"$(inherited)",
				);
				GCC_WARN_64_TO_32_BIT_CONVERSION = YES;
				GCC_WARN_ABOUT_RETURN_TYPE = YES_ERROR;
				GCC_WARN_UNDECLARED_SELECTOR = YES;
				GCC_WARN_UNINITIALIZED_AUTOS = YES_AGGRESSIVE;
				GCC_WARN_UNUSED_FUNCTION = YES;
				GCC_WARN_UNUSED_VARIABLE = YES;
				IPHONEOS_DEPLOYMENT_TARGET = 10.3;
				MTL_ENABLE_DEBUG_INFO = YES;
				ONLY_ACTIVE_ARCH = YES;
				SDKROOT = iphoneos;
			};
			name = Debug;
		};
		7401A91A1F20534C00009F76 /* Release */ = {
			isa = XCBuildConfiguration;
			buildSettings = {
				ALWAYS_SEARCH_USER_PATHS = NO;
				CLANG_ANALYZER_NONNULL = YES;
				CLANG_ANALYZER_NUMBER_OBJECT_CONVERSION = YES_AGGRESSIVE;
				CLANG_CXX_LANGUAGE_STANDARD = "gnu++0x";
				CLANG_CXX_LIBRARY = "libc++";
				CLANG_ENABLE_MODULES = YES;
				CLANG_ENABLE_OBJC_ARC = YES;
				CLANG_WARN_BOOL_CONVERSION = YES;
				CLANG_WARN_CONSTANT_CONVERSION = YES;
				CLANG_WARN_DIRECT_OBJC_ISA_USAGE = YES_ERROR;
				CLANG_WARN_DOCUMENTATION_COMMENTS = YES;
				CLANG_WARN_EMPTY_BODY = YES;
				CLANG_WARN_ENUM_CONVERSION = YES;
				CLANG_WARN_INFINITE_RECURSION = YES;
				CLANG_WARN_INT_CONVERSION = YES;
				CLANG_WARN_OBJC_ROOT_CLASS = YES_ERROR;
				CLANG_WARN_SUSPICIOUS_MOVE = YES;
				CLANG_WARN_UNREACHABLE_CODE = YES;
				CLANG_WARN__DUPLICATE_METHOD_MATCH = YES;
				"CODE_SIGN_IDENTITY[sdk=iphoneos*]" = "iPhone Developer";
				COPY_PHASE_STRIP = NO;
				DEBUG_INFORMATION_FORMAT = "dwarf-with-dsym";
				ENABLE_NS_ASSERTIONS = NO;
				ENABLE_STRICT_OBJC_MSGSEND = YES;
				GCC_C_LANGUAGE_STANDARD = gnu99;
				GCC_NO_COMMON_BLOCKS = YES;
				GCC_WARN_64_TO_32_BIT_CONVERSION = YES;
				GCC_WARN_ABOUT_RETURN_TYPE = YES_ERROR;
				GCC_WARN_UNDECLARED_SELECTOR = YES;
				GCC_WARN_UNINITIALIZED_AUTOS = YES_AGGRESSIVE;
				GCC_WARN_UNUSED_FUNCTION = YES;
				GCC_WARN_UNUSED_VARIABLE = YES;
				IPHONEOS_DEPLOYMENT_TARGET = 10.3;
				MTL_ENABLE_DEBUG_INFO = NO;
				SDKROOT = iphoneos;
				VALIDATE_PRODUCT = YES;
			};
			name = Release;
		};
		7401A91C1F20534C00009F76 /* Debug */ = {
			isa = XCBuildConfiguration;
			baseConfigurationReference = 8B7B495E8489E3EF9E9B4B81 /* Pods-HHZAlert.debug.xcconfig */;
			buildSettings = {
				ASSETCATALOG_COMPILER_APPICON_NAME = AppIcon;
				DEVELOPMENT_TEAM = P5LP3WSZUP;
				INFOPLIST_FILE = HHZAlert/Info.plist;
				LD_RUNPATH_SEARCH_PATHS = "$(inherited) @executable_path/Frameworks";
				PRODUCT_BUNDLE_IDENTIFIER = com.chenzhe.HHZAlert;
				PRODUCT_NAME = "$(TARGET_NAME)";
			};
			name = Debug;
		};
		7401A91D1F20534C00009F76 /* Release */ = {
			isa = XCBuildConfiguration;
			baseConfigurationReference = B3D65819AC2885DE58284D94 /* Pods-HHZAlert.release.xcconfig */;
			buildSettings = {
				ASSETCATALOG_COMPILER_APPICON_NAME = AppIcon;
				DEVELOPMENT_TEAM = P5LP3WSZUP;
				INFOPLIST_FILE = HHZAlert/Info.plist;
				LD_RUNPATH_SEARCH_PATHS = "$(inherited) @executable_path/Frameworks";
				PRODUCT_BUNDLE_IDENTIFIER = com.chenzhe.HHZAlert;
				PRODUCT_NAME = "$(TARGET_NAME)";
			};
			name = Release;
		};
/* End XCBuildConfiguration section */

/* Begin XCConfigurationList section */
		7401A8FF1F20534C00009F76 /* Build configuration list for PBXProject "HHZAlert" */ = {
			isa = XCConfigurationList;
			buildConfigurations = (
				7401A9191F20534C00009F76 /* Debug */,
				7401A91A1F20534C00009F76 /* Release */,
			);
			defaultConfigurationIsVisible = 0;
			defaultConfigurationName = Release;
		};
		7401A91B1F20534C00009F76 /* Build configuration list for PBXNativeTarget "HHZAlert" */ = {
			isa = XCConfigurationList;
			buildConfigurations = (
				7401A91C1F20534C00009F76 /* Debug */,
				7401A91D1F20534C00009F76 /* Release */,
			);
			defaultConfigurationIsVisible = 0;
			defaultConfigurationName = Release;
		};
/* End XCConfigurationList section */
	};
	rootObject = 7401A8FC1F20534C00009F76 /* Project object */;
}
